// !$*UTF8*$!
{
	archiveVersion = 1;
	classes = {
	};
	objectVersion = 56;
	objects = {

/* Begin PBXBuildFile section */
		35C93B65299529CB00EA4B24 /* DoGadgetApp.swift in Sources */ = {isa = PBXBuildFile; fileRef = 35C93B64299529CB00EA4B24 /* DoGadgetApp.swift */; };
		35C93B67299529CB00EA4B24 /* ContentView.swift in Sources */ = {isa = PBXBuildFile; fileRef = 35C93B66299529CB00EA4B24 /* ContentView.swift */; };
		35C93B69299529CC00EA4B24 /* Assets.xcassets in Resources */ = {isa = PBXBuildFile; fileRef = 35C93B68299529CC00EA4B24 /* Assets.xcassets */; };
		35C93B6C299529CC00EA4B24 /* Preview Assets.xcassets in Resources */ = {isa = PBXBuildFile; fileRef = 35C93B6B299529CC00EA4B24 /* Preview Assets.xcassets */; };
		35C93B6E299529CC00EA4B24 /* Persistence.swift in Sources */ = {isa = PBXBuildFile; fileRef = 35C93B6D299529CC00EA4B24 /* Persistence.swift */; };
		35C93B71299529CC00EA4B24 /* DoGadget.xcdatamodeld in Sources */ = {isa = PBXBuildFile; fileRef = 35C93B6F299529CC00EA4B24 /* DoGadget.xcdatamodeld */; };
		35C93B7B299529CC00EA4B24 /* DoGadgetTests.swift in Sources */ = {isa = PBXBuildFile; fileRef = 35C93B7A299529CC00EA4B24 /* DoGadgetTests.swift */; };
		35C93B85299529CC00EA4B24 /* DoGadgetUITests.swift in Sources */ = {isa = PBXBuildFile; fileRef = 35C93B84299529CC00EA4B24 /* DoGadgetUITests.swift */; };
		35C93B87299529CC00EA4B24 /* DoGadgetUITestsLaunchTests.swift in Sources */ = {isa = PBXBuildFile; fileRef = 35C93B86299529CC00EA4B24 /* DoGadgetUITestsLaunchTests.swift */; };
/* End PBXBuildFile section */

/* Begin PBXContainerItemProxy section */
		35C93B77299529CC00EA4B24 /* PBXContainerItemProxy */ = {
			isa = PBXContainerItemProxy;
			containerPortal = 35C93B59299529CB00EA4B24 /* Project object */;
			proxyType = 1;
			remoteGlobalIDString = 35C93B60299529CB00EA4B24;
			remoteInfo = DoGadget;
		};
		35C93B81299529CC00EA4B24 /* PBXContainerItemProxy */ = {
			isa = PBXContainerItemProxy;
			containerPortal = 35C93B59299529CB00EA4B24 /* Project object */;
			proxyType = 1;
			remoteGlobalIDString = 35C93B60299529CB00EA4B24;
			remoteInfo = DoGadget;
		};
/* End PBXContainerItemProxy section */

/* Begin PBXFileReference section */
		35C93B61299529CB00EA4B24 /* DoGadget.app */ = {isa = PBXFileReference; explicitFileType = wrapper.application; includeInIndex = 0; path = DoGadget.app; sourceTree = BUILT_PRODUCTS_DIR; };
		35C93B64299529CB00EA4B24 /* DoGadgetApp.swift */ = {isa = PBXFileReference; lastKnownFileType = sourcecode.swift; path = DoGadgetApp.swift; sourceTree = "<group>"; };
		35C93B66299529CB00EA4B24 /* ContentView.swift */ = {isa = PBXFileReference; lastKnownFileType = sourcecode.swift; path = ContentView.swift; sourceTree = "<group>"; };
		35C93B68299529CC00EA4B24 /* Assets.xcassets */ = {isa = PBXFileReference; lastKnownFileType = folder.assetcatalog; path = Assets.xcassets; sourceTree = "<group>"; };
		35C93B6B299529CC00EA4B24 /* Preview Assets.xcassets */ = {isa = PBXFileReference; lastKnownFileType = folder.assetcatalog; path = "Preview Assets.xcassets"; sourceTree = "<group>"; };
		35C93B6D299529CC00EA4B24 /* Persistence.swift */ = {isa = PBXFileReference; lastKnownFileType = sourcecode.swift; path = Persistence.swift; sourceTree = "<group>"; };
		35C93B70299529CC00EA4B24 /* DoGadget.xcdatamodel */ = {isa = PBXFileReference; lastKnownFileType = wrapper.xcdatamodel; path = DoGadget.xcdatamodel; sourceTree = "<group>"; };
		35C93B76299529CC00EA4B24 /* DoGadgetTests.xctest */ = {isa = PBXFileReference; explicitFileType = wrapper.cfbundle; includeInIndex = 0; path = DoGadgetTests.xctest; sourceTree = BUILT_PRODUCTS_DIR; };
		35C93B7A299529CC00EA4B24 /* DoGadgetTests.swift */ = {isa = PBXFileReference; lastKnownFileType = sourcecode.swift; path = DoGadgetTests.swift; sourceTree = "<group>"; };
		35C93B80299529CC00EA4B24 /* DoGadgetUITests.xctest */ = {isa = PBXFileReference; explicitFileType = wrapper.cfbundle; includeInIndex = 0; path = DoGadgetUITests.xctest; sourceTree = BUILT_PRODUCTS_DIR; };
		35C93B84299529CC00EA4B24 /* DoGadgetUITests.swift */ = {isa = PBXFileReference; lastKnownFileType = sourcecode.swift; path = DoGadgetUITests.swift; sourceTree = "<group>"; };
		35C93B86299529CC00EA4B24 /* DoGadgetUITestsLaunchTests.swift */ = {isa = PBXFileReference; lastKnownFileType = sourcecode.swift; path = DoGadgetUITestsLaunchTests.swift; sourceTree = "<group>"; };
/* End PBXFileReference section */

/* Begin PBXFrameworksBuildPhase section */
		35C93B5E299529CB00EA4B24 /* Frameworks */ = {
			isa = PBXFrameworksBuildPhase;
			buildActionMask = 2147483647;
			files = (
			);
			runOnlyForDeploymentPostprocessing = 0;
		};
		35C93B73299529CC00EA4B24 /* Frameworks */ = {
			isa = PBXFrameworksBuildPhase;
			buildActionMask = 2147483647;
			files = (
			);
			runOnlyForDeploymentPostprocessing = 0;
		};
		35C93B7D299529CC00EA4B24 /* Frameworks */ = {
			isa = PBXFrameworksBuildPhase;
			buildActionMask = 2147483647;
			files = (
			);
			runOnlyForDeploymentPostprocessing = 0;
		};
/* End PBXFrameworksBuildPhase section */

/* Begin PBXGroup section */
		35C93B58299529CB00EA4B24 = {
			isa = PBXGroup;
			children = (
				35C93B63299529CB00EA4B24 /* DoGadget */,
				35C93B79299529CC00EA4B24 /* DoGadgetTests */,
				35C93B83299529CC00EA4B24 /* DoGadgetUITests */,
				35C93B62299529CB00EA4B24 /* Products */,
			);
			sourceTree = "<group>";
		};
		35C93B62299529CB00EA4B24 /* Products */ = {
			isa = PBXGroup;
			children = (
				35C93B61299529CB00EA4B24 /* DoGadget.app */,
				35C93B76299529CC00EA4B24 /* DoGadgetTests.xctest */,
				35C93B80299529CC00EA4B24 /* DoGadgetUITests.xctest */,
			);
			name = Products;
			sourceTree = "<group>";
		};
		35C93B63299529CB00EA4B24 /* DoGadget */ = {
			isa = PBXGroup;
			children = (
				35C93B64299529CB00EA4B24 /* DoGadgetApp.swift */,
				35C93B66299529CB00EA4B24 /* ContentView.swift */,
				35C93B68299529CC00EA4B24 /* Assets.xcassets */,
				35C93B6D299529CC00EA4B24 /* Persistence.swift */,
				35C93B6F299529CC00EA4B24 /* DoGadget.xcdatamodeld */,
				35C93B6A299529CC00EA4B24 /* Preview Content */,
			);
			path = DoGadget;
			sourceTree = "<group>";
		};
		35C93B6A299529CC00EA4B24 /* Preview Content */ = {
			isa = PBXGroup;
			children = (
				35C93B6B299529CC00EA4B24 /* Preview Assets.xcassets */,
			);
			path = "Preview Content";
			sourceTree = "<group>";
		};
		35C93B79299529CC00EA4B24 /* DoGadgetTests */ = {
			isa = PBXGroup;
			children = (
				35C93B7A299529CC00EA4B24 /* DoGadgetTests.swift */,
			);
			path = DoGadgetTests;
			sourceTree = "<group>";
		};
		35C93B83299529CC00EA4B24 /* DoGadgetUITests */ = {
			isa = PBXGroup;
			children = (
				35C93B84299529CC00EA4B24 /* DoGadgetUITests.swift */,
				35C93B86299529CC00EA4B24 /* DoGadgetUITestsLaunchTests.swift */,
			);
			path = DoGadgetUITests;
			sourceTree = "<group>";
		};
/* End PBXGroup section */

/* Begin PBXNativeTarget section */
		35C93B60299529CB00EA4B24 /* DoGadget */ = {
			isa = PBXNativeTarget;
			buildConfigurationList = 35C93B8A299529CC00EA4B24 /* Build configuration list for PBXNativeTarget "DoGadget" */;
			buildPhases = (
				35C93B5D299529CB00EA4B24 /* Sources */,
				35C93B5E299529CB00EA4B24 /* Frameworks */,
				35C93B5F299529CB00EA4B24 /* Resources */,
			);
			buildRules = (
			);
			dependencies = (
			);
			name = DoGadget;
			productName = DoGadget;
			productReference = 35C93B61299529CB00EA4B24 /* DoGadget.app */;
			productType = "com.apple.product-type.application";
		};
		35C93B75299529CC00EA4B24 /* DoGadgetTests */ = {
			isa = PBXNativeTarget;
			buildConfigurationList = 35C93B8D299529CC00EA4B24 /* Build configuration list for PBXNativeTarget "DoGadgetTests" */;
			buildPhases = (
				35C93B72299529CC00EA4B24 /* Sources */,
				35C93B73299529CC00EA4B24 /* Frameworks */,
				35C93B74299529CC00EA4B24 /* Resources */,
			);
			buildRules = (
			);
			dependencies = (
				35C93B78299529CC00EA4B24 /* PBXTargetDependency */,
			);
			name = DoGadgetTests;
			productName = DoGadgetTests;
			productReference = 35C93B76299529CC00EA4B24 /* DoGadgetTests.xctest */;
			productType = "com.apple.product-type.bundle.unit-test";
		};
		35C93B7F299529CC00EA4B24 /* DoGadgetUITests */ = {
			isa = PBXNativeTarget;
			buildConfigurationList = 35C93B90299529CC00EA4B24 /* Build configuration list for PBXNativeTarget "DoGadgetUITests" */;
			buildPhases = (
				35C93B7C299529CC00EA4B24 /* Sources */,
				35C93B7D299529CC00EA4B24 /* Frameworks */,
				35C93B7E299529CC00EA4B24 /* Resources */,
			);
			buildRules = (
			);
			dependencies = (
				35C93B82299529CC00EA4B24 /* PBXTargetDependency */,
			);
			name = DoGadgetUITests;
			productName = DoGadgetUITests;
			productReference = 35C93B80299529CC00EA4B24 /* DoGadgetUITests.xctest */;
			productType = "com.apple.product-type.bundle.ui-testing";
		};
/* End PBXNativeTarget section */

/* Begin PBXProject section */
		35C93B59299529CB00EA4B24 /* Project object */ = {
			isa = PBXProject;
			attributes = {
				BuildIndependentTargetsInParallel = 1;
				LastSwiftUpdateCheck = 1420;
				LastUpgradeCheck = 1420;
				TargetAttributes = {
					35C93B60299529CB00EA4B24 = {
						CreatedOnToolsVersion = 14.2;
					};
					35C93B75299529CC00EA4B24 = {
						CreatedOnToolsVersion = 14.2;
						TestTargetID = 35C93B60299529CB00EA4B24;
					};
					35C93B7F299529CC00EA4B24 = {
						CreatedOnToolsVersion = 14.2;
						TestTargetID = 35C93B60299529CB00EA4B24;
					};
				};
			};
			buildConfigurationList = 35C93B5C299529CB00EA4B24 /* Build configuration list for PBXProject "DoGadget" */;
			compatibilityVersion = "Xcode 14.0";
			developmentRegion = en;
			hasScannedForEncodings = 0;
			knownRegions = (
				en,
				Base,
			);
			mainGroup = 35C93B58299529CB00EA4B24;
			productRefGroup = 35C93B62299529CB00EA4B24 /* Products */;
			projectDirPath = "";
			projectRoot = "";
			targets = (
				35C93B60299529CB00EA4B24 /* DoGadget */,
				35C93B75299529CC00EA4B24 /* DoGadgetTests */,
				35C93B7F299529CC00EA4B24 /* DoGadgetUITests */,
			);
		};
/* End PBXProject section */

/* Begin PBXResourcesBuildPhase section */
		35C93B5F299529CB00EA4B24 /* Resources */ = {
			isa = PBXResourcesBuildPhase;
			buildActionMask = 2147483647;
			files = (
				35C93B6C299529CC00EA4B24 /* Preview Assets.xcassets in Resources */,
				35C93B69299529CC00EA4B24 /* Assets.xcassets in Resources */,
			);
			runOnlyForDeploymentPostprocessing = 0;
		};
		35C93B74299529CC00EA4B24 /* Resources */ = {
			isa = PBXResourcesBuildPhase;
			buildActionMask = 2147483647;
			files = (
			);
			runOnlyForDeploymentPostprocessing = 0;
		};
		35C93B7E299529CC00EA4B24 /* Resources */ = {
			isa = PBXResourcesBuildPhase;
			buildActionMask = 2147483647;
			files = (
			);
			runOnlyForDeploymentPostprocessing = 0;
		};
/* End PBXResourcesBuildPhase section */

/* Begin PBXSourcesBuildPhase section */
		35C93B5D299529CB00EA4B24 /* Sources */ = {
			isa = PBXSourcesBuildPhase;
			buildActionMask = 2147483647;
			files = (
				35C93B71299529CC00EA4B24 /* DoGadget.xcdatamodeld in Sources */,
				35C93B6E299529CC00EA4B24 /* Persistence.swift in Sources */,
				35C93B67299529CB00EA4B24 /* ContentView.swift in Sources */,
				35C93B65299529CB00EA4B24 /* DoGadgetApp.swift in Sources */,
			);
			runOnlyForDeploymentPostprocessing = 0;
		};
		35C93B72299529CC00EA4B24 /* Sources */ = {
			isa = PBXSourcesBuildPhase;
			buildActionMask = 2147483647;
			files = (
				35C93B7B299529CC00EA4B24 /* DoGadgetTests.swift in Sources */,
			);
			runOnlyForDeploymentPostprocessing = 0;
		};
		35C93B7C299529CC00EA4B24 /* Sources */ = {
			isa = PBXSourcesBuildPhase;
			buildActionMask = 2147483647;
			files = (
				35C93B87299529CC00EA4B24 /* DoGadgetUITestsLaunchTests.swift in Sources */,
				35C93B85299529CC00EA4B24 /* DoGadgetUITests.swift in Sources */,
			);
			runOnlyForDeploymentPostprocessing = 0;
		};
/* End PBXSourcesBuildPhase section */

/* Begin PBXTargetDependency section */
		35C93B78299529CC00EA4B24 /* PBXTargetDependency */ = {
			isa = PBXTargetDependency;
			target = 35C93B60299529CB00EA4B24 /* DoGadget */;
			targetProxy = 35C93B77299529CC00EA4B24 /* PBXContainerItemProxy */;
		};
		35C93B82299529CC00EA4B24 /* PBXTargetDependency */ = {
			isa = PBXTargetDependency;
			target = 35C93B60299529CB00EA4B24 /* DoGadget */;
			targetProxy = 35C93B81299529CC00EA4B24 /* PBXContainerItemProxy */;
		};
/* End PBXTargetDependency section */

/* Begin XCBuildConfiguration section */
		35C93B88299529CC00EA4B24 /* Debug */ = {
			isa = XCBuildConfiguration;
			buildSettings = {
				ALWAYS_SEARCH_USER_PATHS = NO;
				CLANG_ANALYZER_NONNULL = YES;
				CLANG_ANALYZER_NUMBER_OBJECT_CONVERSION = YES_AGGRESSIVE;
				CLANG_CXX_LANGUAGE_STANDARD = "gnu++20";
				CLANG_ENABLE_MODULES = YES;
				CLANG_ENABLE_OBJC_ARC = YES;
				CLANG_ENABLE_OBJC_WEAK = YES;
				CLANG_WARN_BLOCK_CAPTURE_AUTORELEASING = YES;
				CLANG_WARN_BOOL_CONVERSION = YES;
				CLANG_WARN_COMMA = YES;
				CLANG_WARN_CONSTANT_CONVERSION = YES;
				CLANG_WARN_DEPRECATED_OBJC_IMPLEMENTATIONS = YES;
				CLANG_WARN_DIRECT_OBJC_ISA_USAGE = YES_ERROR;
				CLANG_WARN_DOCUMENTATION_COMMENTS = YES;
				CLANG_WARN_EMPTY_BODY = YES;
				CLANG_WARN_ENUM_CONVERSION = YES;
				CLANG_WARN_INFINITE_RECURSION = YES;
				CLANG_WARN_INT_CONVERSION = YES;
				CLANG_WARN_NON_LITERAL_NULL_CONVERSION = YES;
				CLANG_WARN_OBJC_IMPLICIT_RETAIN_SELF = YES;
				CLANG_WARN_OBJC_LITERAL_CONVERSION = YES;
				CLANG_WARN_OBJC_ROOT_CLASS = YES_ERROR;
				CLANG_WARN_QUOTED_INCLUDE_IN_FRAMEWORK_HEADER = YES;
				CLANG_WARN_RANGE_LOOP_ANALYSIS = YES;
				CLANG_WARN_STRICT_PROTOTYPES = YES;
				CLANG_WARN_SUSPICIOUS_MOVE = YES;
				CLANG_WARN_UNGUARDED_AVAILABILITY = YES_AGGRESSIVE;
				CLANG_WARN_UNREACHABLE_CODE = YES;
				CLANG_WARN__DUPLICATE_METHOD_MATCH = YES;
				COPY_PHASE_STRIP = NO;
				DEBUG_INFORMATION_FORMAT = dwarf;
				ENABLE_STRICT_OBJC_MSGSEND = YES;
				ENABLE_TESTABILITY = YES;
				GCC_C_LANGUAGE_STANDARD = gnu11;
				GCC_DYNAMIC_NO_PIC = NO;
				GCC_NO_COMMON_BLOCKS = YES;
				GCC_OPTIMIZATION_LEVEL = 0;
				GCC_PREPROCESSOR_DEFINITIONS = (
					"DEBUG=1",
					"$(inherited)",
				);
				GCC_WARN_64_TO_32_BIT_CONVERSION = YES;
				GCC_WARN_ABOUT_RETURN_TYPE = YES_ERROR;
				GCC_WARN_UNDECLARED_SELECTOR = YES;
				GCC_WARN_UNINITIALIZED_AUTOS = YES_AGGRESSIVE;
				GCC_WARN_UNUSED_FUNCTION = YES;
				GCC_WARN_UNUSED_VARIABLE = YES;
				IPHONEOS_DEPLOYMENT_TARGET = 16.2;
				MTL_ENABLE_DEBUG_INFO = INCLUDE_SOURCE;
				MTL_FAST_MATH = YES;
				ONLY_ACTIVE_ARCH = YES;
				SDKROOT = iphoneos;
				SWIFT_ACTIVE_COMPILATION_CONDITIONS = DEBUG;
				SWIFT_OPTIMIZATION_LEVEL = "-Onone";
			};
			name = Debug;
		};
		35C93B89299529CC00EA4B24 /* Release */ = {
			isa = XCBuildConfiguration;
			buildSettings = {
				ALWAYS_SEARCH_USER_PATHS = NO;
				CLANG_ANALYZER_NONNULL = YES;
				CLANG_ANALYZER_NUMBER_OBJECT_CONVERSION = YES_AGGRESSIVE;
				CLANG_CXX_LANGUAGE_STANDARD = "gnu++20";
				CLANG_ENABLE_MODULES = YES;
				CLANG_ENABLE_OBJC_ARC = YES;
				CLANG_ENABLE_OBJC_WEAK = YES;
				CLANG_WARN_BLOCK_CAPTURE_AUTORELEASING = YES;
				CLANG_WARN_BOOL_CONVERSION = YES;
				CLANG_WARN_COMMA = YES;
				CLANG_WARN_CONSTANT_CONVERSION = YES;
				CLANG_WARN_DEPRECATED_OBJC_IMPLEMENTATIONS = YES;
				CLANG_WARN_DIRECT_OBJC_ISA_USAGE = YES_ERROR;
				CLANG_WARN_DOCUMENTATION_COMMENTS = YES;
				CLANG_WARN_EMPTY_BODY = YES;
				CLANG_WARN_ENUM_CONVERSION = YES;
				CLANG_WARN_INFINITE_RECURSION = YES;
				CLANG_WARN_INT_CONVERSION = YES;
				CLANG_WARN_NON_LITERAL_NULL_CONVERSION = YES;
				CLANG_WARN_OBJC_IMPLICIT_RETAIN_SELF = YES;
				CLANG_WARN_OBJC_LITERAL_CONVERSION = YES;
				CLANG_WARN_OBJC_ROOT_CLASS = YES_ERROR;
				CLANG_WARN_QUOTED_INCLUDE_IN_FRAMEWORK_HEADER = YES;
				CLANG_WARN_RANGE_LOOP_ANALYSIS = YES;
				CLANG_WARN_STRICT_PROTOTYPES = YES;
				CLANG_WARN_SUSPICIOUS_MOVE = YES;
				CLANG_WARN_UNGUARDED_AVAILABILITY = YES_AGGRESSIVE;
				CLANG_WARN_UNREACHABLE_CODE = YES;
				CLANG_WARN__DUPLICATE_METHOD_MATCH = YES;
				COPY_PHASE_STRIP = NO;
				DEBUG_INFORMATION_FORMAT = "dwarf-with-dsym";
				ENABLE_NS_ASSERTIONS = NO;
				ENABLE_STRICT_OBJC_MSGSEND = YES;
				GCC_C_LANGUAGE_STANDARD = gnu11;
				GCC_NO_COMMON_BLOCKS = YES;
				GCC_WARN_64_TO_32_BIT_CONVERSION = YES;
				GCC_WARN_ABOUT_RETURN_TYPE = YES_ERROR;
				GCC_WARN_UNDECLARED_SELECTOR = YES;
				GCC_WARN_UNINITIALIZED_AUTOS = YES_AGGRESSIVE;
				GCC_WARN_UNUSED_FUNCTION = YES;
				GCC_WARN_UNUSED_VARIABLE = YES;
				IPHONEOS_DEPLOYMENT_TARGET = 16.2;
				MTL_ENABLE_DEBUG_INFO = NO;
				MTL_FAST_MATH = YES;
				SDKROOT = iphoneos;
				SWIFT_COMPILATION_MODE = wholemodule;
				SWIFT_OPTIMIZATION_LEVEL = "-O";
				VALIDATE_PRODUCT = YES;
			};
			name = Release;
		};
		35C93B8B299529CC00EA4B24 /* Debug */ = {
			isa = XCBuildConfiguration;
			buildSettings = {
				ASSETCATALOG_COMPILER_APPICON_NAME = AppIcon;
				ASSETCATALOG_COMPILER_GLOBAL_ACCENT_COLOR_NAME = AccentColor;
				CODE_SIGN_STYLE = Automatic;
				CURRENT_PROJECT_VERSION = 1;
				DEVELOPMENT_ASSET_PATHS = "\"DoGadget/Preview Content\"";
				DEVELOPMENT_TEAM = 6P3776FN2T;
				ENABLE_PREVIEWS = YES;
				GENERATE_INFOPLIST_FILE = YES;
				INFOPLIST_KEY_UIApplicationSceneManifest_Generation = YES;
				INFOPLIST_KEY_UIApplicationSupportsIndirectInputEvents = YES;
				INFOPLIST_KEY_UILaunchScreen_Generation = YES;
				INFOPLIST_KEY_UISupportedInterfaceOrientations_iPad = "UIInterfaceOrientationPortrait UIInterfaceOrientationPortraitUpsideDown UIInterfaceOrientationLandscapeLeft UIInterfaceOrientationLandscapeRight";
				INFOPLIST_KEY_UISupportedInterfaceOrientations_iPhone = "UIInterfaceOrientationPortrait UIInterfaceOrientationLandscapeLeft UIInterfaceOrientationLandscapeRight";
				LD_RUNPATH_SEARCH_PATHS = (
					"$(inherited)",
					"@executable_path/Frameworks",
				);
				MARKETING_VERSION = 1.0;
				PRODUCT_BUNDLE_IDENTIFIER = com.3dpixelfactory.DoGadget;
				PRODUCT_NAME = "$(TARGET_NAME)";
				SWIFT_EMIT_LOC_STRINGS = YES;
				SWIFT_VERSION = 5.0;
				TARGETED_DEVICE_FAMILY = "1,2";
			};
			name = Debug;
		};
		35C93B8C299529CC00EA4B24 /* Release */ = {
			isa = XCBuildConfiguration;
			buildSettings = {
				ASSETCATALOG_COMPILER_APPICON_NAME = AppIcon;
				ASSETCATALOG_COMPILER_GLOBAL_ACCENT_COLOR_NAME = AccentColor;
				CODE_SIGN_STYLE = Automatic;
				CURRENT_PROJECT_VERSION = 1;
				DEVELOPMENT_ASSET_PATHS = "\"DoGadget/Preview Content\"";
				DEVELOPMENT_TEAM = 6P3776FN2T;
				ENABLE_PREVIEWS = YES;
				GENERATE_INFOPLIST_FILE = YES;
				INFOPLIST_KEY_UIApplicationSceneManifest_Generation = YES;
				INFOPLIST_KEY_UIApplicationSupportsIndirectInputEvents = YES;
				INFOPLIST_KEY_UILaunchScreen_Generation = YES;
				INFOPLIST_KEY_UISupportedInterfaceOrientations_iPad = "UIInterfaceOrientationPortrait UIInterfaceOrientationPortraitUpsideDown UIInterfaceOrientationLandscapeLeft UIInterfaceOrientationLandscapeRight";
				INFOPLIST_KEY_UISupportedInterfaceOrientations_iPhone = "UIInterfaceOrientationPortrait UIInterfaceOrientationLandscapeLeft UIInterfaceOrientationLandscapeRight";
				LD_RUNPATH_SEARCH_PATHS = (
					"$(inherited)",
					"@executable_path/Frameworks",
				);
				MARKETING_VERSION = 1.0;
				PRODUCT_BUNDLE_IDENTIFIER = com.3dpixelfactory.DoGadget;
				PRODUCT_NAME = "$(TARGET_NAME)";
				SWIFT_EMIT_LOC_STRINGS = YES;
				SWIFT_VERSION = 5.0;
				TARGETED_DEVICE_FAMILY = "1,2";
			};
			name = Release;
		};
		35C93B8E299529CC00EA4B24 /* Debug */ = {
			isa = XCBuildConfiguration;
			buildSettings = {
				ALWAYS_EMBED_SWIFT_STANDARD_LIBRARIES = YES;
				BUNDLE_LOADER = "$(TEST_HOST)";
				CODE_SIGN_STYLE = Automatic;
				CURRENT_PROJECT_VERSION = 1;
				DEVELOPMENT_TEAM = 6P3776FN2T;
				GENERATE_INFOPLIST_FILE = YES;
				IPHONEOS_DEPLOYMENT_TARGET = 16.2;
				MARKETING_VERSION = 1.0;
				PRODUCT_BUNDLE_IDENTIFIER = com.3dpixelfactory.DoGadgetTests;
				PRODUCT_NAME = "$(TARGET_NAME)";
				SWIFT_EMIT_LOC_STRINGS = NO;
				SWIFT_VERSION = 5.0;
				TARGETED_DEVICE_FAMILY = "1,2";
				TEST_HOST = "$(BUILT_PRODUCTS_DIR)/DoGadget.app/$(BUNDLE_EXECUTABLE_FOLDER_PATH)/DoGadget";
			};
			name = Debug;
		};
		35C93B8F299529CC00EA4B24 /* Release */ = {
			isa = XCBuildConfiguration;
			buildSettings = {
				ALWAYS_EMBED_SWIFT_STANDARD_LIBRARIES = YES;
				BUNDLE_LOADER = "$(TEST_HOST)";
				CODE_SIGN_STYLE = Automatic;
				CURRENT_PROJECT_VERSION = 1;
				DEVELOPMENT_TEAM = 6P3776FN2T;
				GENERATE_INFOPLIST_FILE = YES;
				IPHONEOS_DEPLOYMENT_TARGET = 16.2;
				MARKETING_VERSION = 1.0;
				PRODUCT_BUNDLE_IDENTIFIER = com.3dpixelfactory.DoGadgetTests;
				PRODUCT_NAME = "$(TARGET_NAME)";
				SWIFT_EMIT_LOC_STRINGS = NO;
				SWIFT_VERSION = 5.0;
				TARGETED_DEVICE_FAMILY = "1,2";
				TEST_HOST = "$(BUILT_PRODUCTS_DIR)/DoGadget.app/$(BUNDLE_EXECUTABLE_FOLDER_PATH)/DoGadget";
			};
			name = Release;
		};
		35C93B91299529CC00EA4B24 /* Debug */ = {
			isa = XCBuildConfiguration;
			buildSettings = {
				ALWAYS_EMBED_SWIFT_STANDARD_LIBRARIES = YES;
				CODE_SIGN_STYLE = Automatic;
				CURRENT_PROJECT_VERSION = 1;
				DEVELOPMENT_TEAM = 6P3776FN2T;
				GENERATE_INFOPLIST_FILE = YES;
				MARKETING_VERSION = 1.0;
				PRODUCT_BUNDLE_IDENTIFIER = com.3dpixelfactory.DoGadgetUITests;
				PRODUCT_NAME = "$(TARGET_NAME)";
				SWIFT_EMIT_LOC_STRINGS = NO;
				SWIFT_VERSION = 5.0;
				TARGETED_DEVICE_FAMILY = "1,2";
				TEST_TARGET_NAME = DoGadget;
			};
			name = Debug;
		};
		35C93B92299529CC00EA4B24 /* Release */ = {
			isa = XCBuildConfiguration;
			buildSettings = {
				ALWAYS_EMBED_SWIFT_STANDARD_LIBRARIES = YES;
				CODE_SIGN_STYLE = Automatic;
				CURRENT_PROJECT_VERSION = 1;
				DEVELOPMENT_TEAM = 6P3776FN2T;
				GENERATE_INFOPLIST_FILE = YES;
				MARKETING_VERSION = 1.0;
				PRODUCT_BUNDLE_IDENTIFIER = com.3dpixelfactory.DoGadgetUITests;
				PRODUCT_NAME = "$(TARGET_NAME)";
				SWIFT_EMIT_LOC_STRINGS = NO;
				SWIFT_VERSION = 5.0;
				TARGETED_DEVICE_FAMILY = "1,2";
				TEST_TARGET_NAME = DoGadget;
			};
			name = Release;
		};
/* End XCBuildConfiguration section */

/* Begin XCConfigurationList section */
		35C93B5C299529CB00EA4B24 /* Build configuration list for PBXProject "DoGadget" */ = {
			isa = XCConfigurationList;
			buildConfigurations = (
				35C93B88299529CC00EA4B24 /* Debug */,
				35C93B89299529CC00EA4B24 /* Release */,
			);
			defaultConfigurationIsVisible = 0;
			defaultConfigurationName = Release;
		};
		35C93B8A299529CC00EA4B24 /* Build configuration list for PBXNativeTarget "DoGadget" */ = {
			isa = XCConfigurationList;
			buildConfigurations = (
				35C93B8B299529CC00EA4B24 /* Debug */,
				35C93B8C299529CC00EA4B24 /* Release */,
			);
			defaultConfigurationIsVisible = 0;
			defaultConfigurationName = Release;
		};
		35C93B8D299529CC00EA4B24 /* Build configuration list for PBXNativeTarget "DoGadgetTests" */ = {
			isa = XCConfigurationList;
			buildConfigurations = (
				35C93B8E299529CC00EA4B24 /* Debug */,
				35C93B8F299529CC00EA4B24 /* Release */,
			);
			defaultConfigurationIsVisible = 0;
			defaultConfigurationName = Release;
		};
		35C93B90299529CC00EA4B24 /* Build configuration list for PBXNativeTarget "DoGadgetUITests" */ = {
			isa = XCConfigurationList;
			buildConfigurations = (
				35C93B91299529CC00EA4B24 /* Debug */,
				35C93B92299529CC00EA4B24 /* Release */,
			);
			defaultConfigurationIsVisible = 0;
			defaultConfigurationName = Release;
		};
/* End XCConfigurationList section */

/* Begin XCVersionGroup section */
		35C93B6F299529CC00EA4B24 /* DoGadget.xcdatamodeld */ = {
			isa = XCVersionGroup;
			children = (
				35C93B70299529CC00EA4B24 /* DoGadget.xcdatamodel */,
			);
			currentVersion = 35C93B70299529CC00EA4B24 /* DoGadget.xcdatamodel */;
			path = DoGadget.xcdatamodeld;
			sourceTree = "<group>";
			versionGroupType = wrapper.xcdatamodel;
		};
/* End XCVersionGroup section */
	};
	rootObject = 35C93B59299529CB00EA4B24 /* Project object */;
}
